
Microsoft Visual Studio Solution File, Format Version 12.00
# Visual Studio Version 17
VisualStudioVersion = 17.4.33213.308
MinimumVisualStudioVersion = 10.0.40219.1
Project("{FAE04EC0-301F-11D3-BF4B-00C04F79EFBC}") = "BlogWebApp", "src/BlogWebApp.csproj", "{B23C9155-4A2B-49C1-9225-3321552E946D}"
EndProject
Global
	GlobalSection(SolutionConfigurationPlatforms) = preSolution
		Debug|Any CPU = Debug|Any CPU
		Release|Any CPU = Release|Any CPU
	EndGlobalSection
	GlobalSection(ProjectConfigurationPlatforms) = postSolution
		{B23C9155-4A2B-49C1-9225-3321552E946D}.Debug|Any CPU.ActiveCfg = Debug|Any CPU
		{B23C9155-4A2B-49C1-9225-3321552E946D}.Debug|Any CPU.Build.0 = Debug|Any CPU
		{B23C9155-4A2B-49C1-9225-3321552E946D}.Release|Any CPU.ActiveCfg = Release|Any CPU
		{B23C9155-4A2B-49C1-9225-3321552E946D}.Release|Any CPU.Build.0 = Release|Any CPU
	EndGlobalSection
	GlobalSection(SolutionProperties) = preSolution
		HideSolutionNode = FALSE
	EndGlobalSection
	GlobalSection(ExtensibilityGlobals) = postSolution
		SolutionGuid = {8FB84A94-56CC-4BFF-9704-6524D2897768}
	EndGlobalSection
EndGlobal
